
Microsoft Visual Studio Solution File, Format Version 12.00
# Visual Studio Version 16
VisualStudioVersion = 16.0.31005.135
MinimumVisualStudioVersion = 10.0.40219.1
Project("{9A19103F-16F7-4668-BE54-9A1E7A4F7556}") = "Microsoft.BotFramework.CommandExtensions", "Microsoft.BotFramework.CommandExtensions.csproj", "{47635AC0-74E4-4ECE-A982-1A66B40AD9AB}"
EndProject
Global
	GlobalSection(SolutionConfigurationPlatforms) = preSolution
		Debug|Any CPU = Debug|Any CPU
		Release|Any CPU = Release|Any CPU
	EndGlobalSection
	GlobalSection(ProjectConfigurationPlatforms) = postSolution
		{47635AC0-74E4-4ECE-A982-1A66B40AD9AB}.Debug|Any CPU.ActiveCfg = Debug|Any CPU
		{47635AC0-74E4-4ECE-A982-1A66B40AD9AB}.Debug|Any CPU.Build.0 = Debug|Any CPU
		{47635AC0-74E4-4ECE-A982-1A66B40AD9AB}.Release|Any CPU.ActiveCfg = Release|Any CPU
		{47635AC0-74E4-4ECE-A982-1A66B40AD9AB}.Release|Any CPU.Build.0 = Release|Any CPU
	EndGlobalSection
	GlobalSection(SolutionProperties) = preSolution
		HideSolutionNode = FALSE
	EndGlobalSection
	GlobalSection(ExtensibilityGlobals) = postSolution
		SolutionGuid = {34B6BD73-89ED-4226-ADA4-4EBDB912D3CB}
	EndGlobalSection
EndGlobal
