
Microsoft Visual Studio Solution File, Format Version 12.00
# Visual Studio Version 16
VisualStudioVersion = 16.0.31205.134
MinimumVisualStudioVersion = 10.0.40219.1
Project("{9A19103F-16F7-4668-BE54-9A1E7A4F7556}") = "telephony-pooling-contextual-transfer", "telephony-pooling-contextual-transfer.csproj", "{66926D05-C132-48CC-88D5-A614D740AE02}"
EndProject
Global
	GlobalSection(SolutionConfigurationPlatforms) = preSolution
		Debug|Any CPU = Debug|Any CPU
		Release|Any CPU = Release|Any CPU
	EndGlobalSection
	GlobalSection(ProjectConfigurationPlatforms) = postSolution
		{66926D05-C132-48CC-88D5-A614D740AE02}.Debug|Any CPU.ActiveCfg = Debug|Any CPU
		{66926D05-C132-48CC-88D5-A614D740AE02}.Debug|Any CPU.Build.0 = Debug|Any CPU
		{66926D05-C132-48CC-88D5-A614D740AE02}.Release|Any CPU.ActiveCfg = Release|Any CPU
		{66926D05-C132-48CC-88D5-A614D740AE02}.Release|Any CPU.Build.0 = Release|Any CPU
	EndGlobalSection
	GlobalSection(SolutionProperties) = preSolution
		HideSolutionNode = FALSE
	EndGlobalSection
	GlobalSection(ExtensibilityGlobals) = postSolution
		SolutionGuid = {E82E61B7-9A81-4A65-9E24-BFFEF99B2DD5}
	EndGlobalSection
EndGlobal
