
Microsoft Visual Studio Solution File, Format Version 12.00
# Visual Studio Version 16
VisualStudioVersion = 16.0.31005.135
MinimumVisualStudioVersion = 10.0.40219.1
Project("{9A19103F-16F7-4668-BE54-9A1E7A4F7556}") = "telephony-eliza", "telephony-eliza.csproj", "{0C5E1B9D-6C4E-458D-BE55-B99EABE5A7C2}"
EndProject
Project("{9A19103F-16F7-4668-BE54-9A1E7A4F7556}") = "Microsoft.BotFramework.CommandExtensions", "..\..\..\telephony-extensions\libraries\Microsoft.BotFramework.CommandExtensions\Microsoft.BotFramework.CommandExtensions.csproj", "{151541A7-65C2-4421-BB99-3F648E5AF422}"
EndProject
Project("{9A19103F-16F7-4668-BE54-9A1E7A4F7556}") = "Microsoft.BotFramework.Telephony.CallRecording", "..\..\..\telephony-extensions\libraries\Microsoft.BotFramework.Telephony.CallRecording\Microsoft.BotFramework.Telephony.CallRecording.csproj", "{69CE7BA7-86CF-410B-9FF1-10E138C02279}"
EndProject
Project("{9A19103F-16F7-4668-BE54-9A1E7A4F7556}") = "ElizaLib", "..\ElizaLib\ElizaLib.csproj", "{9FE7625E-A95E-4EC0-A112-B33BD804E1F3}"
EndProject
Project("{9A19103F-16F7-4668-BE54-9A1E7A4F7556}") = "telephony-eliza-download", "..\06a.telephony-eliza-download\telephony-eliza-download.csproj", "{7046A973-D918-4872-AD7B-C2FAB9A38070}"
EndProject
Project("{FAE04EC0-301F-11D3-BF4B-00C04F79EFBC}") = "DataWriter", "..\DataWriter\DataWriter.csproj", "{38F9525A-8347-4115-99DC-F5750FAEFE3B}"
EndProject
Project("{FAE04EC0-301F-11D3-BF4B-00C04F79EFBC}") = "CallAnalyzer", "..\CallAnalyzer\CallAnalyzer.csproj", "{696EF504-B19E-4F5C-941E-9C46A8B12259}"
EndProject
Global
	GlobalSection(SolutionConfigurationPlatforms) = preSolution
		Debug|Any CPU = Debug|Any CPU
		Release|Any CPU = Release|Any CPU
	EndGlobalSection
	GlobalSection(ProjectConfigurationPlatforms) = postSolution
		{0C5E1B9D-6C4E-458D-BE55-B99EABE5A7C2}.Debug|Any CPU.ActiveCfg = Debug|Any CPU
		{0C5E1B9D-6C4E-458D-BE55-B99EABE5A7C2}.Debug|Any CPU.Build.0 = Debug|Any CPU
		{0C5E1B9D-6C4E-458D-BE55-B99EABE5A7C2}.Release|Any CPU.ActiveCfg = Release|Any CPU
		{0C5E1B9D-6C4E-458D-BE55-B99EABE5A7C2}.Release|Any CPU.Build.0 = Release|Any CPU
		{151541A7-65C2-4421-BB99-3F648E5AF422}.Debug|Any CPU.ActiveCfg = Debug|Any CPU
		{151541A7-65C2-4421-BB99-3F648E5AF422}.Debug|Any CPU.Build.0 = Debug|Any CPU
		{151541A7-65C2-4421-BB99-3F648E5AF422}.Release|Any CPU.ActiveCfg = Release|Any CPU
		{151541A7-65C2-4421-BB99-3F648E5AF422}.Release|Any CPU.Build.0 = Release|Any CPU
		{69CE7BA7-86CF-410B-9FF1-10E138C02279}.Debug|Any CPU.ActiveCfg = Debug|Any CPU
		{69CE7BA7-86CF-410B-9FF1-10E138C02279}.Debug|Any CPU.Build.0 = Debug|Any CPU
		{69CE7BA7-86CF-410B-9FF1-10E138C02279}.Release|Any CPU.ActiveCfg = Release|Any CPU
		{69CE7BA7-86CF-410B-9FF1-10E138C02279}.Release|Any CPU.Build.0 = Release|Any CPU
		{9FE7625E-A95E-4EC0-A112-B33BD804E1F3}.Debug|Any CPU.ActiveCfg = Debug|Any CPU
		{9FE7625E-A95E-4EC0-A112-B33BD804E1F3}.Debug|Any CPU.Build.0 = Debug|Any CPU
		{9FE7625E-A95E-4EC0-A112-B33BD804E1F3}.Release|Any CPU.ActiveCfg = Release|Any CPU
		{9FE7625E-A95E-4EC0-A112-B33BD804E1F3}.Release|Any CPU.Build.0 = Release|Any CPU
		{7046A973-D918-4872-AD7B-C2FAB9A38070}.Debug|Any CPU.ActiveCfg = Debug|Any CPU
		{7046A973-D918-4872-AD7B-C2FAB9A38070}.Debug|Any CPU.Build.0 = Debug|Any CPU
		{7046A973-D918-4872-AD7B-C2FAB9A38070}.Release|Any CPU.ActiveCfg = Release|Any CPU
		{7046A973-D918-4872-AD7B-C2FAB9A38070}.Release|Any CPU.Build.0 = Release|Any CPU
		{38F9525A-8347-4115-99DC-F5750FAEFE3B}.Debug|Any CPU.ActiveCfg = Debug|Any CPU
		{38F9525A-8347-4115-99DC-F5750FAEFE3B}.Debug|Any CPU.Build.0 = Debug|Any CPU
		{38F9525A-8347-4115-99DC-F5750FAEFE3B}.Release|Any CPU.ActiveCfg = Release|Any CPU
		{38F9525A-8347-4115-99DC-F5750FAEFE3B}.Release|Any CPU.Build.0 = Release|Any CPU
		{696EF504-B19E-4F5C-941E-9C46A8B12259}.Debug|Any CPU.ActiveCfg = Debug|Any CPU
		{696EF504-B19E-4F5C-941E-9C46A8B12259}.Debug|Any CPU.Build.0 = Debug|Any CPU
		{696EF504-B19E-4F5C-941E-9C46A8B12259}.Release|Any CPU.ActiveCfg = Release|Any CPU
		{696EF504-B19E-4F5C-941E-9C46A8B12259}.Release|Any CPU.Build.0 = Release|Any CPU
	EndGlobalSection
	GlobalSection(SolutionProperties) = preSolution
		HideSolutionNode = FALSE
	EndGlobalSection
	GlobalSection(ExtensibilityGlobals) = postSolution
		SolutionGuid = {5C408E3B-6684-4B5D-B617-706403C04081}
	EndGlobalSection
EndGlobal
