
Microsoft Visual Studio Solution File, Format Version 12.00
# Visual Studio Version 17
VisualStudioVersion = 17.1.32210.238
MinimumVisualStudioVersion = 10.0.40219.1
Project("{9A19103F-16F7-4668-BE54-9A1E7A4F7556}") = "SkillSample", "SkillSample\SkillSample.csproj", "{2AD96F61-B9BA-4DB5-9BA5-5A11D5C56C12}"
EndProject
Project("{9A19103F-16F7-4668-BE54-9A1E7A4F7556}") = "SpeechAlphanumericPostProcessing", "SpeechSerialNumber\SpeechAlphanumericPostProcessing.csproj", "{5DF719D2-33EB-4632-9C8A-BE2E3EA8D4A5}"
EndProject
Project("{9A19103F-16F7-4668-BE54-9A1E7A4F7556}") = "SpeechAlphanumericPostProcessingTests", "SpeechSerialNumberTests\SpeechAlphanumericPostProcessingTests.csproj", "{B7B93D09-17C8-4968-BDDF-7D47A97205C8}"
EndProject
Project("{9A19103F-16F7-4668-BE54-9A1E7A4F7556}") = "Microsoft.Bot.Components.SerialNumberTelephony", "SerialNumberTelephony\Microsoft.Bot.Components.SerialNumberTelephony.csproj", "{E83FC67D-6A02-49F6-9DFA-F5120F6AC25D}"
EndProject
Project("{9A19103F-16F7-4668-BE54-9A1E7A4F7556}") = "SerialNumberTelephony.Tests", "SerialNumberTelephony.Tests\SerialNumberTelephony.Tests.csproj", "{E510EB04-58A6-4A67-809C-C066959BD25D}"
EndProject
Project("{2150E333-8FDC-42A3-9474-1A3956D46DE8}") = "Solution Items", "Solution Items", "{DA23168F-3C89-4847-B515-3339D3286B46}"
	ProjectSection(SolutionItems) = preProject
		.editorconfig = .editorconfig
	EndProjectSection
EndProject
Global
	GlobalSection(SolutionConfigurationPlatforms) = preSolution
		Debug|Any CPU = Debug|Any CPU
		Release|Any CPU = Release|Any CPU
	EndGlobalSection
	GlobalSection(ProjectConfigurationPlatforms) = postSolution
		{2AD96F61-B9BA-4DB5-9BA5-5A11D5C56C12}.Debug|Any CPU.ActiveCfg = Debug|Any CPU
		{2AD96F61-B9BA-4DB5-9BA5-5A11D5C56C12}.Debug|Any CPU.Build.0 = Debug|Any CPU
		{2AD96F61-B9BA-4DB5-9BA5-5A11D5C56C12}.Release|Any CPU.ActiveCfg = Release|Any CPU
		{2AD96F61-B9BA-4DB5-9BA5-5A11D5C56C12}.Release|Any CPU.Build.0 = Release|Any CPU
		{5DF719D2-33EB-4632-9C8A-BE2E3EA8D4A5}.Debug|Any CPU.ActiveCfg = Debug|Any CPU
		{5DF719D2-33EB-4632-9C8A-BE2E3EA8D4A5}.Debug|Any CPU.Build.0 = Debug|Any CPU
		{5DF719D2-33EB-4632-9C8A-BE2E3EA8D4A5}.Release|Any CPU.ActiveCfg = Release|Any CPU
		{5DF719D2-33EB-4632-9C8A-BE2E3EA8D4A5}.Release|Any CPU.Build.0 = Release|Any CPU
		{B7B93D09-17C8-4968-BDDF-7D47A97205C8}.Debug|Any CPU.ActiveCfg = Debug|Any CPU
		{B7B93D09-17C8-4968-BDDF-7D47A97205C8}.Debug|Any CPU.Build.0 = Debug|Any CPU
		{B7B93D09-17C8-4968-BDDF-7D47A97205C8}.Release|Any CPU.ActiveCfg = Release|Any CPU
		{B7B93D09-17C8-4968-BDDF-7D47A97205C8}.Release|Any CPU.Build.0 = Release|Any CPU
		{E83FC67D-6A02-49F6-9DFA-F5120F6AC25D}.Debug|Any CPU.ActiveCfg = Debug|Any CPU
		{E83FC67D-6A02-49F6-9DFA-F5120F6AC25D}.Debug|Any CPU.Build.0 = Debug|Any CPU
		{E83FC67D-6A02-49F6-9DFA-F5120F6AC25D}.Release|Any CPU.ActiveCfg = Release|Any CPU
		{E83FC67D-6A02-49F6-9DFA-F5120F6AC25D}.Release|Any CPU.Build.0 = Release|Any CPU
		{E510EB04-58A6-4A67-809C-C066959BD25D}.Debug|Any CPU.ActiveCfg = Debug|Any CPU
		{E510EB04-58A6-4A67-809C-C066959BD25D}.Debug|Any CPU.Build.0 = Debug|Any CPU
		{E510EB04-58A6-4A67-809C-C066959BD25D}.Release|Any CPU.ActiveCfg = Release|Any CPU
		{E510EB04-58A6-4A67-809C-C066959BD25D}.Release|Any CPU.Build.0 = Release|Any CPU
	EndGlobalSection
	GlobalSection(SolutionProperties) = preSolution
		HideSolutionNode = FALSE
	EndGlobalSection
	GlobalSection(ExtensibilityGlobals) = postSolution
		SolutionGuid = {03D2E957-9568-4F2E-9176-45179E11B252}
	EndGlobalSection
EndGlobal
