Microsoft Visual Studio Solution File, Format Version 12.00
# Visual Studio Version 16
VisualStudioVersion = 16.0.30503.244
MinimumVisualStudioVersion = 10.0.40219.1
Project("{9A19103F-16F7-4668-BE54-9A1E7A4F7556}") = "Telephony_Package_IVR_Sample", "Telephony_Package_IVR_Sample\Telephony_Package_IVR_Sample.csproj", "{28BAFE50-322F-4F86-8BA9-827A397BACCD}"
EndProject
Project("{9A19103F-16F7-4668-BE54-9A1E7A4F7556}") = "CallRecordingDownloader", "CallRecordingDownloader\CallRecordingDownloader.csproj", "{B036404E-084D-4DCB-BB09-330DD4ABFF3A}"
EndProject
Global
	GlobalSection(SolutionConfigurationPlatforms) = preSolution
		Debug|Any CPU = Debug|Any CPU
		Release|Any CPU = Release|Any CPU
	EndGlobalSection
	GlobalSection(ProjectConfigurationPlatforms) = postSolution
		{28BAFE50-322F-4F86-8BA9-827A397BACCD}.Debug|Any CPU.ActiveCfg = Debug|Any CPU
		{28BAFE50-322F-4F86-8BA9-827A397BACCD}.Debug|Any CPU.Build.0 = Debug|Any CPU
		{28BAFE50-322F-4F86-8BA9-827A397BACCD}.Release|Any CPU.ActiveCfg = Release|Any CPU
		{28BAFE50-322F-4F86-8BA9-827A397BACCD}.Release|Any CPU.Build.0 = Release|Any CPU
		{B036404E-084D-4DCB-BB09-330DD4ABFF3A}.Debug|Any CPU.ActiveCfg = Debug|Any CPU
		{B036404E-084D-4DCB-BB09-330DD4ABFF3A}.Debug|Any CPU.Build.0 = Debug|Any CPU
		{B036404E-084D-4DCB-BB09-330DD4ABFF3A}.Release|Any CPU.ActiveCfg = Release|Any CPU
		{B036404E-084D-4DCB-BB09-330DD4ABFF3A}.Release|Any CPU.Build.0 = Release|Any CPU
	EndGlobalSection
	GlobalSection(SolutionProperties) = preSolution
		HideSolutionNode = FALSE
	EndGlobalSection
	GlobalSection(ExtensibilityGlobals) = postSolution
		SolutionGuid = {CB141F37-91E7-4D08-AD1E-16D19F2FDDC3}
	EndGlobalSection
EndGlobal
